
Microsoft Visual Studio Solution File, Format Version 12.00
# Visual Studio Version 16
VisualStudioVersion = 16.0.30204.135
MinimumVisualStudioVersion = 10.0.40219.1
Project("{9092AA53-FB77-4645-B42D-1CCCA6BD08BD}") = "MVPServer", "MVPServer\MVPServer.njsproj", "{388B47D9-0203-47EB-99C3-54CB0A9AF2CB}"
EndProject
Project("{9092AA53-FB77-4645-B42D-1CCCA6BD08BD}") = "MVPClient", "MVPClient\MVPClient.njsproj", "{C6BC2051-33F9-4F16-B694-523536ADE430}"
EndProject
Global
	GlobalSection(SolutionConfigurationPlatforms) = preSolution
		Debug|Any CPU = Debug|Any CPU
		Release|Any CPU = Release|Any CPU
	EndGlobalSection
	GlobalSection(ProjectConfigurationPlatforms) = postSolution
		{388B47D9-0203-47EB-99C3-54CB0A9AF2CB}.Debug|Any CPU.ActiveCfg = Debug|Any CPU
		{388B47D9-0203-47EB-99C3-54CB0A9AF2CB}.Debug|Any CPU.Build.0 = Debug|Any CPU
		{388B47D9-0203-47EB-99C3-54CB0A9AF2CB}.Release|Any CPU.ActiveCfg = Release|Any CPU
		{388B47D9-0203-47EB-99C3-54CB0A9AF2CB}.Release|Any CPU.Build.0 = Release|Any CPU
		{C6BC2051-33F9-4F16-B694-523536ADE430}.Debug|Any CPU.ActiveCfg = Debug|Any CPU
		{C6BC2051-33F9-4F16-B694-523536ADE430}.Debug|Any CPU.Build.0 = Debug|Any CPU
		{C6BC2051-33F9-4F16-B694-523536ADE430}.Release|Any CPU.ActiveCfg = Release|Any CPU
		{C6BC2051-33F9-4F16-B694-523536ADE430}.Release|Any CPU.Build.0 = Release|Any CPU
	EndGlobalSection
	GlobalSection(SolutionProperties) = preSolution
		HideSolutionNode = FALSE
	EndGlobalSection
	GlobalSection(ExtensibilityGlobals) = postSolution
		SolutionGuid = {63336880-41D7-4CB9-A6E7-4794E803B525}
	EndGlobalSection
EndGlobal
